#MicroXplorer Configuration settings - do not modify
Mcu.Family=STM32G0
ADC1.Channel-10\#ChannelRegularConversion=ADC_CHANNEL_1
ProjectManager.MainLocation=Core/Src
PA6.Mode=Full_Duplex_Master
RCC.PLLQoutputFreq_Value=64000000
RCC.USART1Freq_Value=16000000
ProjectManager.ProjectFileName=saber.ioc
RCC.CortexFreq_Value=16000000
PC15-OSC32_OUT\ (PC15).GPIO_Label=BTN
PA7.Mode=Full_Duplex_Master
PF2\ -\ NRST.Signal=GPIO_Output
ProjectManager.KeepUserCode=true
Mcu.UserName=STM32G031F8Px
Mcu.PinsNb=18
SPI1.VirtualType=VM_MASTER
ADC1.Rank-10\#ChannelRegularConversion=1
ProjectManager.NoMain=false
SPI1.IPParameters=VirtualType,Mode,Direction,CalculateBaudRate
TIM1.IPParameters=Channel-PWM Generation2 CH2 CH2N
ADC1.IPParameters=Rank-10\#ChannelRegularConversion,Channel-10\#ChannelRegularConversion,SamplingTime-10\#ChannelRegularConversion,NbrOfConversionFlag,master,SelectedChannel
PA12\ [PA10].GPIO_Label=LED_HBEAT
PA0.GPIO_Label=CS_ACC
PA14-BOOT0.Mode=Serial_Wire
ProjectManager.functionlistsort=1-MX_GPIO_Init-GPIO-false-HAL-true,2-SystemClock_Config-RCC-false-HAL-false,3-MX_ADC1_Init-ADC1-false-HAL-true,4-MX_TIM1_Init-TIM1-false-HAL-true,5-MX_TIM2_Init-TIM2-false-HAL-true,6-MX_TIM3_Init-TIM3-false-HAL-true,7-MX_SPI1_Init-SPI1-false-HAL-true
PA3.GPIOParameters=GPIO_Label
RCC.EXTERNAL_CLOCK_VALUE=12288000
ProjectManager.DefaultFWLocation=true
PC15-OSC32_OUT\ (PC15).Signal=GPXTI15
PB0.GPIO_Label=PWMN_MTR
NVIC.SVC_IRQn=true\:0\:0\:false\:false\:true\:false\:false
ProjectManager.DeletePrevious=true
PA2.GPIOParameters=GPIO_Label
PinOutPanel.RotationAngle=0
RCC.FamilyName=M
RCC.MCO1PinFreq_Value=16000000
ProjectManager.StackSize=0x400
RCC.LPTIM1Freq_Value=16000000
PA13.Signal=SYS_SWDIO
Mcu.IP4=SYS
RCC.FCLKCortexFreq_Value=16000000
Mcu.IP5=TIM1
Mcu.IP2=RCC
Mcu.IP3=SPI1
TIM1.Channel-PWM\ Generation2\ CH2\ CH2N=TIM_CHANNEL_2
Mcu.IP0=ADC1
Mcu.IP1=NVIC
PC15-OSC32_OUT\ (PC15).GPIOParameters=GPIO_PuPd,GPIO_Label
PF2\ -\ NRST.GPIO_Label=CS_HBRIDGE
Mcu.UserConstants=
ProjectManager.TargetToolchain=STM32CubeIDE
Mcu.ThirdPartyNb=0
SPI1.Direction=SPI_DIRECTION_2LINES
RCC.HCLKFreq_Value=16000000
PA12\ [PA10].Signal=GPIO_Output
Mcu.IPNb=8
ProjectManager.PreviousToolchain=
VP_TIM1_VS_ClockSourceINT.Signal=TIM1_VS_ClockSourceINT
RCC.I2S1Freq_Value=16000000
SPI1.CalculateBaudRate=8.0 MBits/s
Mcu.Pin6=PA5
Mcu.Pin7=PA6
VP_TIM2_VS_ClockSourceINT.Signal=TIM2_VS_ClockSourceINT
ProjectManager.RegisterCallBack=
Mcu.Pin8=PA7
Mcu.Pin9=PB0
VP_TIM3_VS_ClockSourceINT.Signal=TIM3_VS_ClockSourceINT
RCC.LSE_VALUE=32768
PA1.Signal=ADC1_IN1
RCC.AHBFreq_Value=16000000
Mcu.Pin0=PC15-OSC32_OUT (PC15)
Mcu.Pin1=PF2 - NRST
PA14-BOOT0.Signal=SYS_SWCLK
SH.S_TIM1_CH2.ConfNb=1
GPIO.groupedBy=Group By Peripherals
Mcu.Pin2=PA0
Mcu.Pin3=PA1
Mcu.Pin4=PA2
Mcu.Pin5=PA3
PA5.Signal=SPI1_SCK
ProjectManager.ProjectBuild=false
RCC.HSE_VALUE=8000000
PB0.Mode=PWM Generation2 CH2 CH2N
board=custom
RCC.VCOOutputFreq_Value=128000000
NVIC.SysTick_IRQn=true\:0\:0\:false\:false\:true\:false\:true
ProjectManager.LastFirmware=true
PC15-OSC32_OUT\ (PC15).GPIO_PuPd=GPIO_PULLDOWN
PA12\ [PA10].GPIOParameters=GPIO_Label
ProjectManager.FirmwarePackage=STM32Cube FW_G0 V1.4.0
MxDb.Version=DB.6.0.20
PB0.GPIOParameters=GPIO_Label
PA1.Mode=IN1
PA1.GPIOParameters=GPIO_Label
PF2\ -\ NRST.GPIOParameters=GPIO_Label
ProjectManager.BackupPrevious=false
MxCube.Version=6.2.0
RCC.VCOInputFreq_Value=16000000
SH.S_TIM1_CH2.0=TIM1_CH2,PWM Generation2 CH2 CH2N
VP_TIM2_VS_ClockSourceINT.Mode=Internal
RCC.I2C1Freq_Value=16000000
SPI1.Mode=SPI_MODE_MASTER
File.Version=6
PA1.GPIO_Label=ADC_BATT_V
VP_SYS_VS_Systick.Mode=SysTick
PB3.GPIOParameters=GPIO_Label
NVIC.NonMaskableInt_IRQn=true\:0\:0\:false\:false\:true\:false\:false
RCC.PLLRCLKFreq_Value=64000000
NVIC.PendSV_IRQn=true\:0\:0\:false\:false\:true\:false\:false
ADC1.SamplingTime-10\#ChannelRegularConversion=ADC_SAMPLINGTIME_COMMON_1
PA13.Mode=Serial_Wire
ProjectManager.FreePins=false
RCC.IPParameters=AHBFreq_Value,APBFreq_Value,APBTimFreq_Value,CortexFreq_Value,EXTERNAL_CLOCK_VALUE,FCLKCortexFreq_Value,FamilyName,HCLKFreq_Value,HSE_VALUE,HSI_VALUE,I2C1Freq_Value,I2S1Freq_Value,LPTIM1Freq_Value,LPTIM2Freq_Value,LPUART1Freq_Value,LSCOPinFreq_Value,LSE_VALUE,LSI_VALUE,MCO1PinFreq_Value,PLLPoutputFreq_Value,PLLQoutputFreq_Value,PLLRCLKFreq_Value,PWRFreq_Value,SYSCLKFreq_VALUE,TIM1Freq_Value,USART1Freq_Value,VCOInputFreq_Value,VCOOutputFreq_Value
ProjectManager.AskForMigrate=true
Mcu.Name=STM32G031F(4-6-8)Px
RCC.LPTIM2Freq_Value=16000000
ProjectManager.HalAssertFull=false
VP_TIM1_VS_ClockSourceINT.Mode=Internal
PA2.Signal=ADC1_IN2
ProjectManager.ProjectName=saber
ProjectManager.UnderRoot=true
PA0.Signal=GPIO_Output
RCC.TIM1Freq_Value=16000000
Mcu.IP6=TIM2
Mcu.IP7=TIM3
ProjectManager.CoupleFile=false
ADC1.SelectedChannel=ADC_CHANNEL_1|ADC_CHANNEL_2
PB3.Signal=S_TIM1_CH2
RCC.APBTimFreq_Value=16000000
RCC.SYSCLKFreq_VALUE=16000000
Mcu.Package=TSSOP20
PA6.Signal=SPI1_MISO
PA1.Locked=true
ADC1.master=1
PA5.Locked=true
PA7.Locked=true
NVIC.ForceEnableDMAVector=true
KeepUserPlacement=false
RCC.APBFreq_Value=16000000
ProjectManager.CompilerOptimize=6
ProjectManager.ToolChainLocation=
PA2.GPIO_Label=ADC_MTR_I
RCC.LSI_VALUE=32000
VP_SYS_VS_Systick.Signal=SYS_VS_Systick
RCC.LSCOPinFreq_Value=32000
ProjectManager.HeapSize=0x200
PA0.GPIOParameters=GPIO_Label
Mcu.Pin15=VP_TIM1_VS_ClockSourceINT
NVIC.HardFault_IRQn=true\:0\:0\:false\:false\:true\:false\:false
Mcu.Pin16=VP_TIM2_VS_ClockSourceINT
Mcu.Pin13=PB3
Mcu.Pin14=VP_SYS_VS_Systick
SH.GPXTI15.ConfNb=1
ProjectManager.ComputerToolchain=false
Mcu.Pin17=VP_TIM3_VS_ClockSourceINT
RCC.HSI_VALUE=16000000
ADC1.NbrOfConversionFlag=1
SH.GPXTI15.0=GPIO_EXTI15
Mcu.Pin11=PA13
Mcu.Pin12=PA14-BOOT0
RCC.PLLPoutputFreq_Value=64000000
Mcu.Pin10=PA12 [PA10]
PA2.Mode=IN2
RCC.PWRFreq_Value=16000000
RCC.LPUART1Freq_Value=16000000
PB0.Signal=TIM1_CH2N
ProjectManager.CustomerFirmwarePackage=
VP_TIM3_VS_ClockSourceINT.Mode=Internal
ProjectManager.DeviceId=STM32G031F8Px
ProjectManager.LibraryCopy=1
PA3.GPIO_Label=LED_PWR
PA3.Signal=GPIO_Output
PA7.Signal=SPI1_MOSI
PA5.Mode=Full_Duplex_Master
PA6.Locked=true
PA2.Locked=true
PB3.GPIO_Label=PWM_MTR
isbadioc=false
