#MicroXplorer Configuration settings - do not modify
Mcu.Family=STM32L0
PA6.GPIOParameters=GPIO_Label
RCC.MSI_VALUE=2097000
ProjectManager.MainLocation=Core/Src
PA0-CK_IN.GPIO_Label=MTR_DIR
PA0-CK_IN.GPIOParameters=GPIO_Label
PA6.Mode=IN6
ProjectManager.ProjectFileName=saber.ioc
PA7.Mode=IN7
ProjectManager.KeepUserCode=true
Mcu.UserName=STM32L031F4Px
Mcu.PinsNb=16
ProjectManager.NoMain=false
SH.GPXTI14.0=GPIO_EXTI14
RCC.LPUARTFreq_Value=2097000
RCC.PLLCLKFreq_Value=24000000
PA9.GPIO_Label=LED_HBEAT
ProjectManager.functionlistsort=1-MX_GPIO_Init-GPIO-false-HAL-true,2-SystemClock_Config-RCC-false-HAL-false,3-MX_ADC_Init-ADC-false-HAL-true,4-MX_TIM2_Init-TIM2-false-HAL-true
PA9.GPIOParameters=GPIO_Label
RCC.RTCFreq_Value=37000
PA3.GPIOParameters=GPIO_Label
ProjectManager.DefaultFWLocation=true
PA6.GPIO_Label=ADC_ACC_Y
RCC.USART2Freq_Value=2097000
NVIC.SVC_IRQn=true\:0\:0\:false\:false\:true\:false\:false
ProjectManager.DeletePrevious=true
TIM2.Channel-PWM\ Generation2\ CH2=TIM_CHANNEL_2
PC14-OSC32_IN.Signal=GPXTI14
PA2.GPIOParameters=GPIO_Label
PC15-OSC32_OUT.GPIO_Label=LED_PWR
PinOutPanel.RotationAngle=0
RCC.FamilyName=M
ProjectManager.StackSize=0x400
RCC.WatchDogFreq_Value=37000
PA3.Mode=IN3
PA13.Signal=SYS_SWDIO
Mcu.IP4=TIM2
RCC.HSI16_VALUE=16000000
Mcu.IP2=RCC
Mcu.IP3=SYS
SH.S_TIM2_CH2.0=TIM2_CH2,PWM Generation2 CH2
Mcu.IP0=ADC
Mcu.IP1=NVIC
PC15-OSC32_OUT.Locked=true
Mcu.UserConstants=
PA4.Mode=IN4
ProjectManager.TargetToolchain=STM32CubeIDE
Mcu.ThirdPartyNb=0
Mcu.IPNb=5
TIM2.IPParameters=Channel-PWM Generation2 CH2,Channel-PWM Generation3 CH3
ProjectManager.PreviousToolchain=
RCC.APB2TimFreq_Value=2097000
PA9.Signal=GPIO_Output
SH.S_TIM2_CH2.ConfNb=1
Mcu.Pin6=PA4
Mcu.Pin7=PA5
VP_TIM2_VS_ClockSourceINT.Signal=TIM2_VS_ClockSourceINT
ProjectManager.RegisterCallBack=
Mcu.Pin8=PA6
Mcu.Pin9=PA7
RCC.LSE_VALUE=32768
PC15-OSC32_OUT.Signal=GPIO_Output
PA1.Signal=S_TIM2_CH2
RCC.AHBFreq_Value=2097000
Mcu.Pin0=PC14-OSC32_IN
Mcu.Pin1=PC15-OSC32_OUT
GPIO.groupedBy=Group By Peripherals
Mcu.Pin2=PA0-CK_IN
Mcu.Pin3=PA1
Mcu.Pin4=PA2
Mcu.Pin5=PA3
PA5.Signal=ADC_IN5
ProjectManager.ProjectBuild=false
RCC.HSE_VALUE=8000000
board=custom
RCC.VCOOutputFreq_Value=48000000
NVIC.SysTick_IRQn=true\:0\:0\:false\:false\:true\:false\:true
ProjectManager.LastFirmware=true
PC14-OSC32_IN.GPIO_ModeDefaultEXTI=GPIO_MODE_IT_FALLING
ProjectManager.FirmwarePackage=STM32Cube FW_L0 V1.12.0
PA0-CK_IN.Signal=GPIO_Output
MxDb.Version=DB.6.0.20
PA0-CK_IN.Locked=true
RCC.APB2Freq_Value=2097000
PA1.GPIOParameters=GPIO_Label
ProjectManager.BackupPrevious=false
MxCube.Version=6.2.0
VP_TIM2_VS_ClockSourceINT.Mode=Internal
RCC.I2C1Freq_Value=2097000
SH.S_TIM2_CH3.0=TIM2_CH3,PWM Generation3 CH3
PA14.Mode=Serial_Wire
File.Version=6
PA1.GPIO_Label=PWM_SPKR
PA10.GPIO_Label=SOLENOID
PA10.GPIOParameters=GPIO_Label
VP_SYS_VS_Systick.Mode=SysTick
TIM2.Channel-PWM\ Generation3\ CH3=TIM_CHANNEL_3
PA9.Locked=true
NVIC.NonMaskableInt_IRQn=true\:0\:0\:false\:false\:true\:false\:false
SH.S_TIM2_CH3.ConfNb=1
PA4.GPIOParameters=GPIO_Label
NVIC.PendSV_IRQn=true\:0\:0\:false\:false\:true\:false\:false
PA13.Mode=Serial_Wire
ProjectManager.FreePins=false
RCC.IPParameters=AHBFreq_Value,APB1Freq_Value,APB1TimFreq_Value,APB2Freq_Value,APB2TimFreq_Value,FamilyName,HSE_VALUE,HSI16_VALUE,HSI_VALUE,I2C1Freq_Value,LPTIMFreq_Value,LPUARTFreq_Value,LSE_VALUE,LSI_VALUE,MSI_VALUE,PLLCLKFreq_Value,PWRFreq_Value,RTCFreq_Value,RTCHSEDivFreq_Value,SYSCLKFreq_VALUE,TIMFreq_Value,USART2Freq_Value,VCOOutputFreq_Value,WatchDogFreq_Value
ProjectManager.AskForMigrate=true
Mcu.Name=STM32L031F(4-6)Px
ProjectManager.HalAssertFull=false
PC14-OSC32_IN.GPIOParameters=GPIO_PuPd,GPIO_Label,GPIO_ModeDefaultEXTI
RCC.RTCHSEDivFreq_Value=4000000
PA2.Signal=S_TIM2_CH3
ProjectManager.ProjectName=saber
ProjectManager.UnderRoot=true
ProjectManager.CoupleFile=false
PA4.Signal=ADC_IN4
RCC.SYSCLKFreq_VALUE=2097000
Mcu.Package=TSSOP20
PA6.Signal=ADC_IN6
PA7.GPIO_Label=ADC_ACC_X
PA5.GPIO_Label=ADC_ACC_Z
PA10.Locked=true
NVIC.ForceEnableDMAVector=true
KeepUserPlacement=false
ProjectManager.CompilerOptimize=6
ProjectManager.ToolChainLocation=
PA2.GPIO_Label=PWM_MTR
RCC.LSI_VALUE=37000
VP_SYS_VS_Systick.Signal=SYS_VS_Systick
PA10.Signal=GPIO_Output
PA14.Signal=SYS_SWCLK
ProjectManager.HeapSize=0x200
Mcu.Pin15=VP_TIM2_VS_ClockSourceINT
NVIC.HardFault_IRQn=true\:0\:0\:false\:false\:true\:false\:false
PA5.GPIOParameters=GPIO_Label
Mcu.Pin13=PA14
Mcu.Pin14=VP_SYS_VS_Systick
ProjectManager.ComputerToolchain=false
RCC.HSI_VALUE=16000000
SH.GPXTI14.ConfNb=1
Mcu.Pin11=PA10
Mcu.Pin12=PA13
Mcu.Pin10=PA9
RCC.APB1TimFreq_Value=2097000
RCC.PWRFreq_Value=2097000
PC14-OSC32_IN.GPIO_PuPd=GPIO_PULLUP
PC14-OSC32_IN.GPIO_Label=BTN
PC15-OSC32_OUT.GPIOParameters=GPIO_Label
RCC.APB1Freq_Value=2097000
PA4.GPIO_Label=ADC_BATT_V
PA7.GPIOParameters=GPIO_Label
ProjectManager.CustomerFirmwarePackage=
ProjectManager.DeviceId=STM32L031F4Px
PC14-OSC32_IN.Locked=true
ProjectManager.LibraryCopy=1
RCC.LPTIMFreq_Value=2097000
PA3.GPIO_Label=ADC_MTR_I
PA3.Signal=ADC_IN3
PA5.Mode=IN5
PA7.Signal=ADC_IN7
RCC.TIMFreq_Value=2097000
isbadioc=false
